
Microsoft Visual Studio Solution File, Format Version 12.00
# Visual Studio Version 17
VisualStudioVersion = 17.1.32328.378
MinimumVisualStudioVersion = 10.0.40219.1
Project("{8BC9CEB8-8B4A-11D0-8D11-00A0C91BC942}") = "chapter3-3", "chapter3-3.vcxproj", "{1F705128-6DBA-4963-9C01-C2CB415134E5}"
EndProject
Project("{8BC9CEB8-8B4A-11D0-8D11-00A0C91BC942}") = "chapter3-4", "..\chapter3-4\chapter3-4.vcxproj", "{60294EC2-F957-451A-A82F-57A0A8EE3C23}"
EndProject
Global
	GlobalSection(SolutionConfigurationPlatforms) = preSolution
		Debug|x64 = Debug|x64
		Debug|x86 = Debug|x86
		Release|x64 = Release|x64
		Release|x86 = Release|x86
	EndGlobalSection
	GlobalSection(ProjectConfigurationPlatforms) = postSolution
		{1F705128-6DBA-4963-9C01-C2CB415134E5}.Debug|x64.ActiveCfg = Debug|x64
		{1F705128-6DBA-4963-9C01-C2CB415134E5}.Debug|x64.Build.0 = Debug|x64
		{1F705128-6DBA-4963-9C01-C2CB415134E5}.Debug|x86.ActiveCfg = Debug|Win32
		{1F705128-6DBA-4963-9C01-C2CB415134E5}.Debug|x86.Build.0 = Debug|Win32
		{1F705128-6DBA-4963-9C01-C2CB415134E5}.Release|x64.ActiveCfg = Release|x64
		{1F705128-6DBA-4963-9C01-C2CB415134E5}.Release|x64.Build.0 = Release|x64
		{1F705128-6DBA-4963-9C01-C2CB415134E5}.Release|x86.ActiveCfg = Release|Win32
		{1F705128-6DBA-4963-9C01-C2CB415134E5}.Release|x86.Build.0 = Release|Win32
		{60294EC2-F957-451A-A82F-57A0A8EE3C23}.Debug|x64.ActiveCfg = Debug|x64
		{60294EC2-F957-451A-A82F-57A0A8EE3C23}.Debug|x64.Build.0 = Debug|x64
		{60294EC2-F957-451A-A82F-57A0A8EE3C23}.Debug|x86.ActiveCfg = Debug|Win32
		{60294EC2-F957-451A-A82F-57A0A8EE3C23}.Debug|x86.Build.0 = Debug|Win32
		{60294EC2-F957-451A-A82F-57A0A8EE3C23}.Release|x64.ActiveCfg = Release|x64
		{60294EC2-F957-451A-A82F-57A0A8EE3C23}.Release|x64.Build.0 = Release|x64
		{60294EC2-F957-451A-A82F-57A0A8EE3C23}.Release|x86.ActiveCfg = Release|Win32
		{60294EC2-F957-451A-A82F-57A0A8EE3C23}.Release|x86.Build.0 = Release|Win32
	EndGlobalSection
	GlobalSection(SolutionProperties) = preSolution
		HideSolutionNode = FALSE
	EndGlobalSection
	GlobalSection(ExtensibilityGlobals) = postSolution
		SolutionGuid = {AF50EFA0-1962-4D76-9890-B106DD0F8863}
	EndGlobalSection
EndGlobal
